
Microsoft Visual Studio Solution File, Format Version 12.00
# Visual Studio Version 17
VisualStudioVersion = 17.4.33103.184
MinimumVisualStudioVersion = 10.0.40219.1
Project("{888888A0-9F3D-457C-B088-3A5042F75D52}") = "galaxy-integration-psn", "galaxy-integration-psn.pyproj", "{CC1A733D-2890-4B0F-BF65-C1AA957A350C}"
EndProject
Global
	GlobalSection(SolutionConfigurationPlatforms) = preSolution
		Debug|Any CPU = Debug|Any CPU
		Release|Any CPU = Release|Any CPU
	EndGlobalSection
	GlobalSection(ProjectConfigurationPlatforms) = postSolution
		{CC1A733D-2890-4B0F-BF65-C1AA957A350C}.Debug|Any CPU.ActiveCfg = Debug|Any CPU
		{CC1A733D-2890-4B0F-BF65-C1AA957A350C}.Release|Any CPU.ActiveCfg = Release|Any CPU
	EndGlobalSection
	GlobalSection(SolutionProperties) = preSolution
		HideSolutionNode = FALSE
	EndGlobalSection
	GlobalSection(ExtensibilityGlobals) = postSolution
		SolutionGuid = {F88BACB1-1661-40AC-B83D-3588807A182D}
	EndGlobalSection
EndGlobal
